
Microsoft Visual Studio Solution File, Format Version 12.00
# Visual Studio Version 17
VisualStudioVersion = 17.5.002.0
MinimumVisualStudioVersion = 10.0.40219.1
Project("{2150E333-8FDC-42A3-9474-1A3956D46DE8}") = "Output", "Output", "{FE0E8257-8244-4756-A63E-620856E00B1D}"
EndProject
Project("{9A19103F-16F7-4668-BE54-9A1E7A4F7556}") = "CGrammar", "Output\CGrammar\CGrammar.csproj", "{3058E204-E6A3-4C93-8603-2C8D7480D6F4}"
EndProject
Global
	GlobalSection(SolutionConfigurationPlatforms) = preSolution
		Debug|Any CPU = Debug|Any CPU
		Release|Any CPU = Release|Any CPU
	EndGlobalSection
	GlobalSection(ProjectConfigurationPlatforms) = postSolution
		{3058E204-E6A3-4C93-8603-2C8D7480D6F4}.Debug|Any CPU.ActiveCfg = Debug|Any CPU
		{3058E204-E6A3-4C93-8603-2C8D7480D6F4}.Debug|Any CPU.Build.0 = Debug|Any CPU
		{3058E204-E6A3-4C93-8603-2C8D7480D6F4}.Release|Any CPU.ActiveCfg = Release|Any CPU
		{3058E204-E6A3-4C93-8603-2C8D7480D6F4}.Release|Any CPU.Build.0 = Release|Any CPU
	EndGlobalSection
	GlobalSection(SolutionProperties) = preSolution
		HideSolutionNode = FALSE
	EndGlobalSection
	GlobalSection(NestedProjects) = preSolution
		{3058E204-E6A3-4C93-8603-2C8D7480D6F4} = {FE0E8257-8244-4756-A63E-620856E00B1D}
	EndGlobalSection
	GlobalSection(ExtensibilityGlobals) = postSolution
		SolutionGuid = {5C57A609-02F6-4D8E-9F78-01AF0C2E577B}
	EndGlobalSection
EndGlobal
